
Microsoft Visual Studio Solution File, Format Version 12.00
# Visual Studio for Mac
Project("{FAE04EC0-301F-11D3-BF4B-00C04F79EFBC}") = "AR Car Test", "AR Car Test.csproj", "{50818F13-E7E6-8FF3-7604-EB976E3C9EB5}"
EndProject
Project("{FAE04EC0-301F-11D3-BF4B-00C04F79EFBC}") = "AR Car Test.Editor", "AR Car Test.Editor.csproj", "{F3BB730C-AE2A-042F-5428-A86477887E09}"
EndProject
Global
	GlobalSection(SolutionConfigurationPlatforms) = preSolution
		Debug|Any CPU = Debug|Any CPU
		Release|Any CPU = Release|Any CPU
	EndGlobalSection
	GlobalSection(ProjectConfigurationPlatforms) = postSolution
		{50818F13-E7E6-8FF3-7604-EB976E3C9EB5}.Debug|Any CPU.ActiveCfg = Debug|Any CPU
		{50818F13-E7E6-8FF3-7604-EB976E3C9EB5}.Debug|Any CPU.Build.0 = Debug|Any CPU
		{50818F13-E7E6-8FF3-7604-EB976E3C9EB5}.Release|Any CPU.ActiveCfg = Release|Any CPU
		{50818F13-E7E6-8FF3-7604-EB976E3C9EB5}.Release|Any CPU.Build.0 = Release|Any CPU
		{F3BB730C-AE2A-042F-5428-A86477887E09}.Debug|Any CPU.ActiveCfg = Debug|Any CPU
		{F3BB730C-AE2A-042F-5428-A86477887E09}.Debug|Any CPU.Build.0 = Debug|Any CPU
		{F3BB730C-AE2A-042F-5428-A86477887E09}.Release|Any CPU.ActiveCfg = Release|Any CPU
		{F3BB730C-AE2A-042F-5428-A86477887E09}.Release|Any CPU.Build.0 = Release|Any CPU
	EndGlobalSection
	GlobalSection(SolutionProperties) = preSolution
		HideSolutionNode = FALSE
	EndGlobalSection
EndGlobal
