
Microsoft Visual Studio Solution File, Format Version 12.00
# Visual Studio for Mac
Project("{FAE04EC0-301F-11D3-BF4B-00C04F79EFBC}") = "AR Car Project", "AR Car Project.csproj", "{D13CD8F2-FEAA-09D4-9898-C3934892BD7C}"
EndProject
Project("{FAE04EC0-301F-11D3-BF4B-00C04F79EFBC}") = "AR Car Project.Editor", "AR Car Project.Editor.csproj", "{9CC52C4E-D6D8-FEC5-FA64-9B4E6D19B056}"
EndProject
Global
	GlobalSection(SolutionConfigurationPlatforms) = preSolution
		Debug|Any CPU = Debug|Any CPU
		Release|Any CPU = Release|Any CPU
	EndGlobalSection
	GlobalSection(ProjectConfigurationPlatforms) = postSolution
		{D13CD8F2-FEAA-09D4-9898-C3934892BD7C}.Debug|Any CPU.ActiveCfg = Debug|Any CPU
		{D13CD8F2-FEAA-09D4-9898-C3934892BD7C}.Debug|Any CPU.Build.0 = Debug|Any CPU
		{D13CD8F2-FEAA-09D4-9898-C3934892BD7C}.Release|Any CPU.ActiveCfg = Release|Any CPU
		{D13CD8F2-FEAA-09D4-9898-C3934892BD7C}.Release|Any CPU.Build.0 = Release|Any CPU
		{9CC52C4E-D6D8-FEC5-FA64-9B4E6D19B056}.Debug|Any CPU.ActiveCfg = Debug|Any CPU
		{9CC52C4E-D6D8-FEC5-FA64-9B4E6D19B056}.Debug|Any CPU.Build.0 = Debug|Any CPU
		{9CC52C4E-D6D8-FEC5-FA64-9B4E6D19B056}.Release|Any CPU.ActiveCfg = Release|Any CPU
		{9CC52C4E-D6D8-FEC5-FA64-9B4E6D19B056}.Release|Any CPU.Build.0 = Release|Any CPU
	EndGlobalSection
	GlobalSection(SolutionProperties) = preSolution
		HideSolutionNode = FALSE
	EndGlobalSection
EndGlobal
